
Microsoft Visual Studio Solution File, Format Version 12.00
# Visual Studio 15
Project("{FAE04EC0-301F-11D3-BF4B-00C04F79EFBC}") = "Assembly-CSharp-Editor", "Assembly-CSharp-Editor.csproj", "{59192078-A7EB-37A9-8B5E-1A4375B2DA9B}"
EndProject
Project("{FAE04EC0-301F-11D3-BF4B-00C04F79EFBC}") = "Assembly-CSharp", "Assembly-CSharp.csproj", "{893CCE0E-F4DD-C100-CB63-FD3AE4110830}"
EndProject
Global
	GlobalSection(SolutionConfigurationPlatforms) = preSolution
		Debug|Any CPU = Debug|Any CPU
		Release|Any CPU = Release|Any CPU
	EndGlobalSection
	GlobalSection(ProjectConfigurationPlatforms) = postSolution
		{59192078-A7EB-37A9-8B5E-1A4375B2DA9B}.Debug|Any CPU.ActiveCfg = Debug|Any CPU
		{59192078-A7EB-37A9-8B5E-1A4375B2DA9B}.Debug|Any CPU.Build.0 = Debug|Any CPU
		{59192078-A7EB-37A9-8B5E-1A4375B2DA9B}.Release|Any CPU.ActiveCfg = Release|Any CPU
		{59192078-A7EB-37A9-8B5E-1A4375B2DA9B}.Release|Any CPU.Build.0 = Release|Any CPU
		{893CCE0E-F4DD-C100-CB63-FD3AE4110830}.Debug|Any CPU.ActiveCfg = Debug|Any CPU
		{893CCE0E-F4DD-C100-CB63-FD3AE4110830}.Debug|Any CPU.Build.0 = Debug|Any CPU
		{893CCE0E-F4DD-C100-CB63-FD3AE4110830}.Release|Any CPU.ActiveCfg = Release|Any CPU
		{893CCE0E-F4DD-C100-CB63-FD3AE4110830}.Release|Any CPU.Build.0 = Release|Any CPU
	EndGlobalSection
	GlobalSection(SolutionProperties) = preSolution
		HideSolutionNode = FALSE
	EndGlobalSection
EndGlobal
